Microsoft Visual Studio Solution File, Format Version 12.00
# Visual Studio Version 16
VisualStudioVersion = 16.0.29102.190
MinimumVisualStudioVersion = 10.0.40219.1
Project("{9A19103F-16F7-4668-BE54-9A1E7A4F7556}") = "Aaru", "Aaru\Aaru.csproj", "{7A4B05BE-73C9-4F34-87FE-E80CCF1F732D}"
EndProject
Project("{9A19103F-16F7-4668-BE54-9A1E7A4F7556}") = "Aaru.Checksums", "Aaru.Checksums\Aaru.Checksums.csproj", "{CC48B324-A532-4A45-87A6-6F91F7141E8D}"
EndProject
Project("{9A19103F-16F7-4668-BE54-9A1E7A4F7556}") = "Aaru.Helpers", "Aaru.Helpers\Aaru.Helpers.csproj", "{F8BDF57B-1571-4CD0-84B3-B422088D359A}"
EndProject
Project("{9A19103F-16F7-4668-BE54-9A1E7A4F7556}") = "Aaru.Images", "Aaru.Images\Aaru.Images.csproj", "{74032CBC-339B-42F3-AF6F-E96C261F3E6A}"
EndProject
Project("{9A19103F-16F7-4668-BE54-9A1E7A4F7556}") = "Aaru.CommonTypes", "Aaru.CommonTypes\Aaru.CommonTypes.csproj", "{F2B84194-26EB-4227-B1C5-6602517E85AE}"
EndProject
Project("{9A19103F-16F7-4668-BE54-9A1E7A4F7556}") = "Aaru.Partitions", "Aaru.Partitions\Aaru.Partitions.csproj", "{DA7AB65D-B5BA-4003-8893-A51BB071BA2F}"
EndProject
Project("{9A19103F-16F7-4668-BE54-9A1E7A4F7556}") = "Aaru.Filesystems", "Aaru.Filesystems\Aaru.Filesystems.csproj", "{D7016DF2-5A5E-4524-B40D-BA2D59576688}"
EndProject
Project("{9A19103F-16F7-4668-BE54-9A1E7A4F7556}") = "Aaru.Decoders", "Aaru.Decoders\Aaru.Decoders.csproj", "{0BEB3088-B634-4289-AE17-CDF2D25D00D5}"
EndProject
Project("{9A19103F-16F7-4668-BE54-9A1E7A4F7556}") = "Aaru.Devices", "Aaru.Devices\Aaru.Devices.csproj", "{57BB2341-AB62-48FD-91B8-46F5A2F9ED51}"
EndProject
Project("{9A19103F-16F7-4668-BE54-9A1E7A4F7556}") = "Aaru.Console", "Aaru.Console\Aaru.Console.csproj", "{CCAA7AFE-C094-4D82-A66D-630DE8A3F545}"
EndProject
Project("{9A19103F-16F7-4668-BE54-9A1E7A4F7556}") = "Aaru.Settings", "Aaru.Settings\Aaru.Settings.csproj", "{5C4C7BAA-CF60-4233-84ED-39CB2312AF38}"
EndProject
Project("{9A19103F-16F7-4668-BE54-9A1E7A4F7556}") = "Aaru.Filters", "Aaru.Filters\Aaru.Filters.csproj", "{D571B8EF-903D-4353-BDD5-B834F9F029EF}"
EndProject
Project("{9A19103F-16F7-4668-BE54-9A1E7A4F7556}") = "Aaru.Core", "Aaru.Core\Aaru.Core.csproj", "{679659B8-25D0-4279-B632-56EF8F94ADC0}"
EndProject
Project("{9A19103F-16F7-4668-BE54-9A1E7A4F7556}") = "Aaru.Compression", "Aaru.Compression\Aaru.Compression.csproj", "{858398D1-7321-4763-8BAB-56BBFEC74E29}"
EndProject
Project("{9A19103F-16F7-4668-BE54-9A1E7A4F7556}") = "Aaru.Database", "Aaru.Database\Aaru.Database.csproj", "{FA0749B5-EFE0-4148-9545-CD420B45BC36}"
EndProject
Project("{9A19103F-16F7-4668-BE54-9A1E7A4F7556}") = "Aaru.Dto", "Aaru.Dto\Aaru.Dto.csproj", "{F4399FF5-9BD0-475A-9EA7-3DAE45291FE2}"
EndProject
Project("{9A19103F-16F7-4668-BE54-9A1E7A4F7556}") = "Aaru.Gui", "Aaru.Gui\Aaru.Gui.csproj", "{18C4C44D-2562-4B6D-8181-32D7EA067D96}"
EndProject
Project("{9A19103F-16F7-4668-BE54-9A1E7A4F7556}") = "Aaru.Tests", "Aaru.Tests\Aaru.Tests.csproj", "{B2A2CCF8-150D-4A00-BCB5-1B0CBCFA95D5}"
EndProject
Project("{9A19103F-16F7-4668-BE54-9A1E7A4F7556}") = "Aaru.Tests.Devices", "Aaru.Tests.Devices\Aaru.Tests.Devices.csproj", "{A40662EB-D202-46A4-AB41-9C32ADE6D6B5}"
EndProject
Project("{9A19103F-16F7-4668-BE54-9A1E7A4F7556}") = "Aaru.Decryption", "Aaru.Decryption\Aaru.Decryption.csproj", "{B609D333-80C5-4503-BF46-8B9B91F04E97}"
EndProject
Project("{9A19103F-16F7-4668-BE54-9A1E7A4F7556}") = "Aaru.Archives", "Aaru.Archives\Aaru.Archives.csproj", "{282271D0-CCC2-4ED7-BA38-EC06A84BB974}"
EndProject
Project("{FAE04EC0-301F-11D3-BF4B-00C04F79EFBC}") = "Aaru.Localization", "Aaru.Localization\Aaru.Localization.csproj", "{90B96C70-F449-4B83-9DC7-F69150806F9B}"
EndProject
Global
	GlobalSection(SolutionConfigurationPlatforms) = preSolution
		Debug|Any CPU = Debug|Any CPU
		Debug|x86 = Debug|x86
		Release|Any CPU = Release|Any CPU
		Release|x86 = Release|x86
	EndGlobalSection
	GlobalSection(ProjectConfigurationPlatforms) = postSolution
		{7A4B05BE-73C9-4F34-87FE-E80CCF1F732D}.Debug|Any CPU.ActiveCfg = Debug|Any CPU
		{7A4B05BE-73C9-4F34-87FE-E80CCF1F732D}.Debug|Any CPU.Build.0 = Debug|Any CPU
		{7A4B05BE-73C9-4F34-87FE-E80CCF1F732D}.Debug|x86.ActiveCfg = Debug|Any CPU
		{7A4B05BE-73C9-4F34-87FE-E80CCF1F732D}.Debug|x86.Build.0 = Debug|Any CPU
		{7A4B05BE-73C9-4F34-87FE-E80CCF1F732D}.Release|Any CPU.ActiveCfg = Release|Any CPU
		{7A4B05BE-73C9-4F34-87FE-E80CCF1F732D}.Release|Any CPU.Build.0 = Release|Any CPU
		{7A4B05BE-73C9-4F34-87FE-E80CCF1F732D}.Release|x86.ActiveCfg = Release|Any CPU
		{7A4B05BE-73C9-4F34-87FE-E80CCF1F732D}.Release|x86.Build.0 = Release|Any CPU
		{CC48B324-A532-4A45-87A6-6F91F7141E8D}.Debug|Any CPU.ActiveCfg = Debug|Any CPU
		{CC48B324-A532-4A45-87A6-6F91F7141E8D}.Debug|Any CPU.Build.0 = Debug|Any CPU
		{CC48B324-A532-4A45-87A6-6F91F7141E8D}.Debug|x86.ActiveCfg = Debug|Any CPU
		{CC48B324-A532-4A45-87A6-6F91F7141E8D}.Debug|x86.Build.0 = Debug|Any CPU
		{CC48B324-A532-4A45-87A6-6F91F7141E8D}.Release|Any CPU.ActiveCfg = Release|Any CPU
		{CC48B324-A532-4A45-87A6-6F91F7141E8D}.Release|Any CPU.Build.0 = Release|Any CPU
		{CC48B324-A532-4A45-87A6-6F91F7141E8D}.Release|x86.ActiveCfg = Release|Any CPU
		{CC48B324-A532-4A45-87A6-6F91F7141E8D}.Release|x86.Build.0 = Release|Any CPU
		{F8BDF57B-1571-4CD0-84B3-B422088D359A}.Debug|Any CPU.ActiveCfg = Debug|Any CPU
		{F8BDF57B-1571-4CD0-84B3-B422088D359A}.Debug|Any CPU.Build.0 = Debug|Any CPU
		{F8BDF57B-1571-4CD0-84B3-B422088D359A}.Debug|x86.ActiveCfg = Debug|Any CPU
		{F8BDF57B-1571-4CD0-84B3-B422088D359A}.Debug|x86.Build.0 = Debug|Any CPU
		{F8BDF57B-1571-4CD0-84B3-B422088D359A}.Release|Any CPU.ActiveCfg = Release|Any CPU
		{F8BDF57B-1571-4CD0-84B3-B422088D359A}.Release|Any CPU.Build.0 = Release|Any CPU
		{F8BDF57B-1571-4CD0-84B3-B422088D359A}.Release|x86.ActiveCfg = Release|Any CPU
		{F8BDF57B-1571-4CD0-84B3-B422088D359A}.Release|x86.Build.0 = Release|Any CPU
		{74032CBC-339B-42F3-AF6F-E96C261F3E6A}.Debug|Any CPU.ActiveCfg = Debug|Any CPU
		{74032CBC-339B-42F3-AF6F-E96C261F3E6A}.Debug|Any CPU.Build.0 = Debug|Any CPU
		{74032CBC-339B-42F3-AF6F-E96C261F3E6A}.Debug|x86.ActiveCfg = Debug|Any CPU
		{74032CBC-339B-42F3-AF6F-E96C261F3E6A}.Debug|x86.Build.0 = Debug|Any CPU
		{74032CBC-339B-42F3-AF6F-E96C261F3E6A}.Release|Any CPU.ActiveCfg = Release|Any CPU
		{74032CBC-339B-42F3-AF6F-E96C261F3E6A}.Release|Any CPU.Build.0 = Release|Any CPU
		{74032CBC-339B-42F3-AF6F-E96C261F3E6A}.Release|x86.ActiveCfg = Release|Any CPU
		{74032CBC-339B-42F3-AF6F-E96C261F3E6A}.Release|x86.Build.0 = Release|Any CPU
		{F2B84194-26EB-4227-B1C5-6602517E85AE}.Debug|Any CPU.ActiveCfg = Debug|Any CPU
		{F2B84194-26EB-4227-B1C5-6602517E85AE}.Debug|Any CPU.Build.0 = Debug|Any CPU
		{F2B84194-26EB-4227-B1C5-6602517E85AE}.Debug|x86.ActiveCfg = Debug|Any CPU
		{F2B84194-26EB-4227-B1C5-6602517E85AE}.Debug|x86.Build.0 = Debug|Any CPU
		{F2B84194-26EB-4227-B1C5-6602517E85AE}.Release|Any CPU.ActiveCfg = Release|Any CPU
		{F2B84194-26EB-4227-B1C5-6602517E85AE}.Release|Any CPU.Build.0 = Release|Any CPU
		{F2B84194-26EB-4227-B1C5-6602517E85AE}.Release|x86.ActiveCfg = Release|Any CPU
		{F2B84194-26EB-4227-B1C5-6602517E85AE}.Release|x86.Build.0 = Release|Any CPU
		{DA7AB65D-B5BA-4003-8893-A51BB071BA2F}.Debug|Any CPU.ActiveCfg = Debug|Any CPU
		{DA7AB65D-B5BA-4003-8893-A51BB071BA2F}.Debug|Any CPU.Build.0 = Debug|Any CPU
		{DA7AB65D-B5BA-4003-8893-A51BB071BA2F}.Debug|x86.ActiveCfg = Debug|Any CPU
		{DA7AB65D-B5BA-4003-8893-A51BB071BA2F}.Debug|x86.Build.0 = Debug|Any CPU
		{DA7AB65D-B5BA-4003-8893-A51BB071BA2F}.Release|Any CPU.ActiveCfg = Release|Any CPU
		{DA7AB65D-B5BA-4003-8893-A51BB071BA2F}.Release|Any CPU.Build.0 = Release|Any CPU
		{DA7AB65D-B5BA-4003-8893-A51BB071BA2F}.Release|x86.ActiveCfg = Release|Any CPU
		{DA7AB65D-B5BA-4003-8893-A51BB071BA2F}.Release|x86.Build.0 = Release|Any CPU
		{D7016DF2-5A5E-4524-B40D-BA2D59576688}.Debug|Any CPU.ActiveCfg = Debug|Any CPU
		{D7016DF2-5A5E-4524-B40D-BA2D59576688}.Debug|Any CPU.Build.0 = Debug|Any CPU
		{D7016DF2-5A5E-4524-B40D-BA2D59576688}.Debug|x86.ActiveCfg = Debug|Any CPU
		{D7016DF2-5A5E-4524-B40D-BA2D59576688}.Debug|x86.Build.0 = Debug|Any CPU
		{D7016DF2-5A5E-4524-B40D-BA2D59576688}.Release|Any CPU.ActiveCfg = Release|Any CPU
		{D7016DF2-5A5E-4524-B40D-BA2D59576688}.Release|Any CPU.Build.0 = Release|Any CPU
		{D7016DF2-5A5E-4524-B40D-BA2D59576688}.Release|x86.ActiveCfg = Release|Any CPU
		{D7016DF2-5A5E-4524-B40D-BA2D59576688}.Release|x86.Build.0 = Release|Any CPU
		{0BEB3088-B634-4289-AE17-CDF2D25D00D5}.Debug|Any CPU.ActiveCfg = Debug|Any CPU
		{0BEB3088-B634-4289-AE17-CDF2D25D00D5}.Debug|Any CPU.Build.0 = Debug|Any CPU
		{0BEB3088-B634-4289-AE17-CDF2D25D00D5}.Debug|x86.ActiveCfg = Debug|Any CPU
		{0BEB3088-B634-4289-AE17-CDF2D25D00D5}.Debug|x86.Build.0 = Debug|Any CPU
		{0BEB3088-B634-4289-AE17-CDF2D25D00D5}.Release|Any CPU.ActiveCfg = Release|Any CPU
		{0BEB3088-B634-4289-AE17-CDF2D25D00D5}.Release|Any CPU.Build.0 = Release|Any CPU
		{0BEB3088-B634-4289-AE17-CDF2D25D00D5}.Release|x86.ActiveCfg = Release|Any CPU
		{0BEB3088-B634-4289-AE17-CDF2D25D00D5}.Release|x86.Build.0 = Release|Any CPU
		{57BB2341-AB62-48FD-91B8-46F5A2F9ED51}.Debug|Any CPU.ActiveCfg = Debug|Any CPU
		{57BB2341-AB62-48FD-91B8-46F5A2F9ED51}.Debug|Any CPU.Build.0 = Debug|Any CPU
		{57BB2341-AB62-48FD-91B8-46F5A2F9ED51}.Debug|x86.ActiveCfg = Debug|Any CPU
		{57BB2341-AB62-48FD-91B8-46F5A2F9ED51}.Debug|x86.Build.0 = Debug|Any CPU
		{57BB2341-AB62-48FD-91B8-46F5A2F9ED51}.Release|Any CPU.ActiveCfg = Release|Any CPU
		{57BB2341-AB62-48FD-91B8-46F5A2F9ED51}.Release|Any CPU.Build.0 = Release|Any CPU
		{57BB2341-AB62-48FD-91B8-46F5A2F9ED51}.Release|x86.ActiveCfg = Release|Any CPU
		{57BB2341-AB62-48FD-91B8-46F5A2F9ED51}.Release|x86.Build.0 = Release|Any CPU
		{CCAA7AFE-C094-4D82-A66D-630DE8A3F545}.Debug|Any CPU.ActiveCfg = Debug|Any CPU
		{CCAA7AFE-C094-4D82-A66D-630DE8A3F545}.Debug|Any CPU.Build.0 = Debug|Any CPU
		{CCAA7AFE-C094-4D82-A66D-630DE8A3F545}.Debug|x86.ActiveCfg = Debug|Any CPU
		{CCAA7AFE-C094-4D82-A66D-630DE8A3F545}.Debug|x86.Build.0 = Debug|Any CPU
		{CCAA7AFE-C094-4D82-A66D-630DE8A3F545}.Release|Any CPU.ActiveCfg = Release|Any CPU
		{CCAA7AFE-C094-4D82-A66D-630DE8A3F545}.Release|Any CPU.Build.0 = Release|Any CPU
		{CCAA7AFE-C094-4D82-A66D-630DE8A3F545}.Release|x86.ActiveCfg = Release|Any CPU
		{CCAA7AFE-C094-4D82-A66D-630DE8A3F545}.Release|x86.Build.0 = Release|Any CPU
		{5C4C7BAA-CF60-4233-84ED-39CB2312AF38}.Debug|Any CPU.ActiveCfg = Debug|Any CPU
		{5C4C7BAA-CF60-4233-84ED-39CB2312AF38}.Debug|Any CPU.Build.0 = Debug|Any CPU
		{5C4C7BAA-CF60-4233-84ED-39CB2312AF38}.Debug|x86.ActiveCfg = Debug|Any CPU
		{5C4C7BAA-CF60-4233-84ED-39CB2312AF38}.Debug|x86.Build.0 = Debug|Any CPU
		{5C4C7BAA-CF60-4233-84ED-39CB2312AF38}.Release|Any CPU.ActiveCfg = Release|Any CPU
		{5C4C7BAA-CF60-4233-84ED-39CB2312AF38}.Release|Any CPU.Build.0 = Release|Any CPU
		{5C4C7BAA-CF60-4233-84ED-39CB2312AF38}.Release|x86.ActiveCfg = Release|Any CPU
		{5C4C7BAA-CF60-4233-84ED-39CB2312AF38}.Release|x86.Build.0 = Release|Any CPU
		{D571B8EF-903D-4353-BDD5-B834F9F029EF}.Debug|Any CPU.ActiveCfg = Debug|Any CPU
		{D571B8EF-903D-4353-BDD5-B834F9F029EF}.Debug|Any CPU.Build.0 = Debug|Any CPU
		{D571B8EF-903D-4353-BDD5-B834F9F029EF}.Debug|x86.ActiveCfg = Debug|Any CPU
		{D571B8EF-903D-4353-BDD5-B834F9F029EF}.Debug|x86.Build.0 = Debug|Any CPU
		{D571B8EF-903D-4353-BDD5-B834F9F029EF}.Release|Any CPU.ActiveCfg = Release|Any CPU
		{D571B8EF-903D-4353-BDD5-B834F9F029EF}.Release|Any CPU.Build.0 = Release|Any CPU
		{D571B8EF-903D-4353-BDD5-B834F9F029EF}.Release|x86.ActiveCfg = Release|Any CPU
		{D571B8EF-903D-4353-BDD5-B834F9F029EF}.Release|x86.Build.0 = Release|Any CPU
		{679659B8-25D0-4279-B632-56EF8F94ADC0}.Debug|Any CPU.ActiveCfg = Debug|Any CPU
		{679659B8-25D0-4279-B632-56EF8F94ADC0}.Debug|Any CPU.Build.0 = Debug|Any CPU
		{679659B8-25D0-4279-B632-56EF8F94ADC0}.Debug|x86.ActiveCfg = Debug|Any CPU
		{679659B8-25D0-4279-B632-56EF8F94ADC0}.Debug|x86.Build.0 = Debug|Any CPU
		{679659B8-25D0-4279-B632-56EF8F94ADC0}.Release|Any CPU.ActiveCfg = Release|Any CPU
		{679659B8-25D0-4279-B632-56EF8F94ADC0}.Release|Any CPU.Build.0 = Release|Any CPU
		{679659B8-25D0-4279-B632-56EF8F94ADC0}.Release|x86.ActiveCfg = Release|Any CPU
		{679659B8-25D0-4279-B632-56EF8F94ADC0}.Release|x86.Build.0 = Release|Any CPU
		{858398D1-7321-4763-8BAB-56BBFEC74E29}.Debug|Any CPU.ActiveCfg = Debug|Any CPU
		{858398D1-7321-4763-8BAB-56BBFEC74E29}.Debug|Any CPU.Build.0 = Debug|Any CPU
		{858398D1-7321-4763-8BAB-56BBFEC74E29}.Debug|x86.ActiveCfg = Debug|Any CPU
		{858398D1-7321-4763-8BAB-56BBFEC74E29}.Debug|x86.Build.0 = Debug|Any CPU
		{858398D1-7321-4763-8BAB-56BBFEC74E29}.Release|Any CPU.ActiveCfg = Release|Any CPU
		{858398D1-7321-4763-8BAB-56BBFEC74E29}.Release|Any CPU.Build.0 = Release|Any CPU
		{858398D1-7321-4763-8BAB-56BBFEC74E29}.Release|x86.ActiveCfg = Release|Any CPU
		{858398D1-7321-4763-8BAB-56BBFEC74E29}.Release|x86.Build.0 = Release|Any CPU
		{FA0749B5-EFE0-4148-9545-CD420B45BC36}.Debug|Any CPU.ActiveCfg = Debug|Any CPU
		{FA0749B5-EFE0-4148-9545-CD420B45BC36}.Debug|Any CPU.Build.0 = Debug|Any CPU
		{FA0749B5-EFE0-4148-9545-CD420B45BC36}.Debug|x86.ActiveCfg = Debug|Any CPU
		{FA0749B5-EFE0-4148-9545-CD420B45BC36}.Debug|x86.Build.0 = Debug|Any CPU
		{FA0749B5-EFE0-4148-9545-CD420B45BC36}.Release|Any CPU.ActiveCfg = Release|Any CPU
		{FA0749B5-EFE0-4148-9545-CD420B45BC36}.Release|Any CPU.Build.0 = Release|Any CPU
		{FA0749B5-EFE0-4148-9545-CD420B45BC36}.Release|x86.ActiveCfg = Release|Any CPU
		{FA0749B5-EFE0-4148-9545-CD420B45BC36}.Release|x86.Build.0 = Release|Any CPU
		{F4399FF5-9BD0-475A-9EA7-3DAE45291FE2}.Debug|Any CPU.ActiveCfg = Debug|Any CPU
		{F4399FF5-9BD0-475A-9EA7-3DAE45291FE2}.Debug|Any CPU.Build.0 = Debug|Any CPU
		{F4399FF5-9BD0-475A-9EA7-3DAE45291FE2}.Debug|x86.ActiveCfg = Debug|Any CPU
		{F4399FF5-9BD0-475A-9EA7-3DAE45291FE2}.Debug|x86.Build.0 = Debug|Any CPU
		{F4399FF5-9BD0-475A-9EA7-3DAE45291FE2}.Release|Any CPU.ActiveCfg = Release|Any CPU
		{F4399FF5-9BD0-475A-9EA7-3DAE45291FE2}.Release|Any CPU.Build.0 = Release|Any CPU
		{F4399FF5-9BD0-475A-9EA7-3DAE45291FE2}.Release|x86.ActiveCfg = Release|Any CPU
		{F4399FF5-9BD0-475A-9EA7-3DAE45291FE2}.Release|x86.Build.0 = Release|Any CPU
		{18C4C44D-2562-4B6D-8181-32D7EA067D96}.Debug|Any CPU.ActiveCfg = Debug|Any CPU
		{18C4C44D-2562-4B6D-8181-32D7EA067D96}.Debug|Any CPU.Build.0 = Debug|Any CPU
		{18C4C44D-2562-4B6D-8181-32D7EA067D96}.Debug|x86.ActiveCfg = Debug|Any CPU
		{18C4C44D-2562-4B6D-8181-32D7EA067D96}.Debug|x86.Build.0 = Debug|Any CPU
		{18C4C44D-2562-4B6D-8181-32D7EA067D96}.Release|Any CPU.ActiveCfg = Release|Any CPU
		{18C4C44D-2562-4B6D-8181-32D7EA067D96}.Release|Any CPU.Build.0 = Release|Any CPU
		{18C4C44D-2562-4B6D-8181-32D7EA067D96}.Release|x86.ActiveCfg = Release|Any CPU
		{18C4C44D-2562-4B6D-8181-32D7EA067D96}.Release|x86.Build.0 = Release|Any CPU
		{B2A2CCF8-150D-4A00-BCB5-1B0CBCFA95D5}.Debug|Any CPU.ActiveCfg = Debug|Any CPU
		{B2A2CCF8-150D-4A00-BCB5-1B0CBCFA95D5}.Debug|Any CPU.Build.0 = Debug|Any CPU
		{B2A2CCF8-150D-4A00-BCB5-1B0CBCFA95D5}.Debug|x86.ActiveCfg = Debug|Any CPU
		{B2A2CCF8-150D-4A00-BCB5-1B0CBCFA95D5}.Debug|x86.Build.0 = Debug|Any CPU
		{B2A2CCF8-150D-4A00-BCB5-1B0CBCFA95D5}.Release|Any CPU.ActiveCfg = Release|Any CPU
		{B2A2CCF8-150D-4A00-BCB5-1B0CBCFA95D5}.Release|Any CPU.Build.0 = Release|Any CPU
		{B2A2CCF8-150D-4A00-BCB5-1B0CBCFA95D5}.Release|x86.ActiveCfg = Release|Any CPU
		{B2A2CCF8-150D-4A00-BCB5-1B0CBCFA95D5}.Release|x86.Build.0 = Release|Any CPU
		{A40662EB-D202-46A4-AB41-9C32ADE6D6B5}.Debug|Any CPU.ActiveCfg = Debug|Any CPU
		{A40662EB-D202-46A4-AB41-9C32ADE6D6B5}.Debug|Any CPU.Build.0 = Debug|Any CPU
		{A40662EB-D202-46A4-AB41-9C32ADE6D6B5}.Debug|x86.ActiveCfg = Debug|Any CPU
		{A40662EB-D202-46A4-AB41-9C32ADE6D6B5}.Debug|x86.Build.0 = Debug|Any CPU
		{A40662EB-D202-46A4-AB41-9C32ADE6D6B5}.Release|Any CPU.ActiveCfg = Release|Any CPU
		{A40662EB-D202-46A4-AB41-9C32ADE6D6B5}.Release|Any CPU.Build.0 = Release|Any CPU
		{A40662EB-D202-46A4-AB41-9C32ADE6D6B5}.Release|x86.ActiveCfg = Release|Any CPU
		{A40662EB-D202-46A4-AB41-9C32ADE6D6B5}.Release|x86.Build.0 = Release|Any CPU
		{B609D333-80C5-4503-BF46-8B9B91F04E97}.Debug|Any CPU.ActiveCfg = Debug|Any CPU
		{B609D333-80C5-4503-BF46-8B9B91F04E97}.Debug|Any CPU.Build.0 = Debug|Any CPU
		{B609D333-80C5-4503-BF46-8B9B91F04E97}.Debug|x86.ActiveCfg = Debug|Any CPU
		{B609D333-80C5-4503-BF46-8B9B91F04E97}.Debug|x86.Build.0 = Debug|Any CPU
		{B609D333-80C5-4503-BF46-8B9B91F04E97}.Release|Any CPU.ActiveCfg = Release|Any CPU
		{B609D333-80C5-4503-BF46-8B9B91F04E97}.Release|Any CPU.Build.0 = Release|Any CPU
		{B609D333-80C5-4503-BF46-8B9B91F04E97}.Release|x86.ActiveCfg = Release|Any CPU
		{B609D333-80C5-4503-BF46-8B9B91F04E97}.Release|x86.Build.0 = Release|Any CPU
		{282271D0-CCC2-4ED7-BA38-EC06A84BB974}.Debug|Any CPU.ActiveCfg = Debug|Any CPU
		{282271D0-CCC2-4ED7-BA38-EC06A84BB974}.Debug|Any CPU.Build.0 = Debug|Any CPU
		{282271D0-CCC2-4ED7-BA38-EC06A84BB974}.Debug|x86.ActiveCfg = Debug|Any CPU
		{282271D0-CCC2-4ED7-BA38-EC06A84BB974}.Debug|x86.Build.0 = Debug|Any CPU
		{282271D0-CCC2-4ED7-BA38-EC06A84BB974}.Release|Any CPU.ActiveCfg = Release|Any CPU
		{282271D0-CCC2-4ED7-BA38-EC06A84BB974}.Release|Any CPU.Build.0 = Release|Any CPU
		{282271D0-CCC2-4ED7-BA38-EC06A84BB974}.Release|x86.ActiveCfg = Release|Any CPU
		{282271D0-CCC2-4ED7-BA38-EC06A84BB974}.Release|x86.Build.0 = Release|Any CPU
		{90B96C70-F449-4B83-9DC7-F69150806F9B}.Debug|Any CPU.ActiveCfg = Debug|Any CPU
		{90B96C70-F449-4B83-9DC7-F69150806F9B}.Debug|Any CPU.Build.0 = Debug|Any CPU
		{90B96C70-F449-4B83-9DC7-F69150806F9B}.Debug|x86.ActiveCfg = Debug|Any CPU
		{90B96C70-F449-4B83-9DC7-F69150806F9B}.Debug|x86.Build.0 = Debug|Any CPU
		{90B96C70-F449-4B83-9DC7-F69150806F9B}.Release|Any CPU.ActiveCfg = Release|Any CPU
		{90B96C70-F449-4B83-9DC7-F69150806F9B}.Release|Any CPU.Build.0 = Release|Any CPU
		{90B96C70-F449-4B83-9DC7-F69150806F9B}.Release|x86.ActiveCfg = Release|Any CPU
		{90B96C70-F449-4B83-9DC7-F69150806F9B}.Release|x86.Build.0 = Release|Any CPU
	EndGlobalSection
	GlobalSection(SolutionProperties) = preSolution
		HideSolutionNode = FALSE
	EndGlobalSection
	GlobalSection(ExtensibilityGlobals) = postSolution
		SolutionGuid = {A004EA3D-916D-495A-A130-D4E4F0A168C8}
	EndGlobalSection
	GlobalSection(Performance) = preSolution
		HasPerformanceSessions = true
	EndGlobalSection
	GlobalSection(MonoDevelopProperties) = preSolution
		Policies = $0
		$0.StandardHeader = $1
		$1.Text = @/***************************************************************************\nAaru Data Preservation Suite\n----------------------------------------------------------------------------\n \nFilename       : ${FileName}\nVersion        : 1.0\nAuthor(s)      : ${AuthorName}\n \nComponent      : Component\n\nRevision       : $Revision$\nLast change by : $Author$\nDate           : $Date$\n \n--[ Description ] ----------------------------------------------------------\n \nDescription\n \n--[ License ] --------------------------------------------------------------\n \n    This program is free software: you can redistribute it and/or modify\n    it under the terms of the GNU General Public License as\n    published by the Free Software Foundation, either version 3 of the\n    License, or (at your option) any later version.\n\n    This program is distributed in the hope that it will be useful,\n    but WITHOUT ANY WARRANTY; without even the implied warranty of\n    MERCHANTABILITY or FITNESS FOR A PARTICULAR PURPOSE.  See the\n    GNU General Public License for more details.\n\n    You should have received a copy of the GNU General Public License\n    along with this program.  If not, see <http://www.gnu.org/licenses/>.\n\n----------------------------------------------------------------------------\nCopyright (C) 2011-2015 Claunia.com\n****************************************************************************/\n//$Id$
		$0.TextStylePolicy = $2
		$2.scope = text/x-csharp
		$2.TabsToSpaces = True
		$0.CSharpFormattingPolicy = $3
		$3.scope = text/x-csharp
		$3.IndentBraces = True
		$3.IndentBlock = False
		$3.IndentSwitchCaseSection = False
		$0.DotNetNamingPolicy = $4
		$4.DirectoryNamespaceAssociation = Hierarchical
		$4.ResourceNamePolicy = MSBuild
		$0.XmlFormattingPolicy = $5
		$5.DefaultFormat = $6
		$6.AlignAttributes = True
		$5.inheritsSet = null
		$5.inheritsScope = application/xml
		$5.scope = application/config+xml
		$0.NameConventionPolicy = $7
		$7.Rules = $8
		$8.NamingRule = $28
		description = Aaru Data Preservation Suite.
		version = 4.0.99.0
	EndGlobalSection
EndGlobal
