
Microsoft Visual Studio Solution File, Format Version 11.00
# Visual Studio 2010
Project("{FAE04EC0-301F-11D3-BF4B-00C04F79EFBC}") = "DiscImageChef", "DiscImageChef\DiscImageChef.csproj", "{7A4B05BE-73C9-4F34-87FE-E80CCF1F732D}"
EndProject
Project("{9344BDBB-3E7F-41FC-A0DD-8665D75EE146}") = "Packages", "Packages.mdproj", "{8996EF59-09B9-4920-A3DE-2F8EA2EBBCFF}"
EndProject
Project("{FAE04EC0-301F-11D3-BF4B-00C04F79EFBC}") = "CommandLine35", "commandline\src\libcmdline\CommandLine35.csproj", "{5DEA2811-2FFA-4959-830B-CAD3ACACABEB}"
EndProject
Project("{FAE04EC0-301F-11D3-BF4B-00C04F79EFBC}") = "DiscImageChef.Checksums", "DiscImageChef.Checksums\DiscImageChef.Checksums.csproj", "{CC48B324-A532-4A45-87A6-6F91F7141E8D}"
EndProject
Project("{FAE04EC0-301F-11D3-BF4B-00C04F79EFBC}") = "DiscImageChef.Helpers", "DiscImageChef.Helpers\DiscImageChef.Helpers.csproj", "{F8BDF57B-1571-4CD0-84B3-B422088D359A}"
EndProject
Project("{FAE04EC0-301F-11D3-BF4B-00C04F79EFBC}") = "DiscImageChef.DiscImages", "DiscImageChef.DiscImages\DiscImageChef.DiscImages.csproj", "{74032CBC-339B-42F3-AF6F-E96C261F3E6A}"
EndProject
Project("{FAE04EC0-301F-11D3-BF4B-00C04F79EFBC}") = "DiscImageChef.CommonTypes", "DiscImageChef.CommonTypes\DiscImageChef.CommonTypes.csproj", "{F2B84194-26EB-4227-B1C5-6602517E85AE}"
EndProject
Project("{FAE04EC0-301F-11D3-BF4B-00C04F79EFBC}") = "DiscImageChef.Partitions", "DiscImageChef.Partitions\DiscImageChef.Partitions.csproj", "{DA7AB65D-B5BA-4003-8893-A51BB071BA2F}"
EndProject
Project("{FAE04EC0-301F-11D3-BF4B-00C04F79EFBC}") = "DiscImageChef.Filesystems", "DiscImageChef.Filesystems\DiscImageChef.Filesystems.csproj", "{D7016DF2-5A5E-4524-B40D-BA2D59576688}"
EndProject
Project("{FAE04EC0-301F-11D3-BF4B-00C04F79EFBC}") = "DiscImageChef.Decoders", "DiscImageChef.Decoders\DiscImageChef.Decoders.csproj", "{0BEB3088-B634-4289-AE17-CDF2D25D00D5}"
EndProject
Project("{FAE04EC0-301F-11D3-BF4B-00C04F79EFBC}") = "DiscImageChef.Devices", "DiscImageChef.Devices\DiscImageChef.Devices.csproj", "{57BB2341-AB62-48FD-91B8-46F5A2F9ED51}"
EndProject
Project("{FAE04EC0-301F-11D3-BF4B-00C04F79EFBC}") = "DiscImageChef.Interop", "DiscImageChef.Interop\DiscImageChef.Interop.csproj", "{9183F2E0-A879-4F23-9EE3-C6908F1332B2}"
EndProject
Project("{FAE04EC0-301F-11D3-BF4B-00C04F79EFBC}") = "DiscImageChef.Console", "DiscImageChef.Console\DiscImageChef.Console.csproj", "{CCAA7AFE-C094-4D82-A66D-630DE8A3F545}"
EndProject
Project("{FAE04EC0-301F-11D3-BF4B-00C04F79EFBC}") = "DiscImageChef.Metadata", "DiscImageChef.Metadata\DiscImageChef.Metadata.csproj", "{9F213318-5CB8-4066-A757-074489C9F818}"
EndProject
Project("{FAE04EC0-301F-11D3-BF4B-00C04F79EFBC}") = "DiscImageChef.Settings", "DiscImageChef.Settings\DiscImageChef.Settings.csproj", "{5C4C7BAA-CF60-4233-84ED-39CB2312AF38}"
EndProject
Global
	GlobalSection(SolutionConfigurationPlatforms) = preSolution
		Debug|x86 = Debug|x86
		Release|x86 = Release|x86
	EndGlobalSection
	GlobalSection(ProjectConfigurationPlatforms) = postSolution
		{0BEB3088-B634-4289-AE17-CDF2D25D00D5}.Debug|x86.ActiveCfg = Debug|Any CPU
		{0BEB3088-B634-4289-AE17-CDF2D25D00D5}.Debug|x86.Build.0 = Debug|Any CPU
		{0BEB3088-B634-4289-AE17-CDF2D25D00D5}.Release|x86.ActiveCfg = Release|Any CPU
		{0BEB3088-B634-4289-AE17-CDF2D25D00D5}.Release|x86.Build.0 = Release|Any CPU
		{57BB2341-AB62-48FD-91B8-46F5A2F9ED51}.Debug|x86.ActiveCfg = Debug|Any CPU
		{57BB2341-AB62-48FD-91B8-46F5A2F9ED51}.Debug|x86.Build.0 = Debug|Any CPU
		{57BB2341-AB62-48FD-91B8-46F5A2F9ED51}.Release|x86.ActiveCfg = Release|Any CPU
		{57BB2341-AB62-48FD-91B8-46F5A2F9ED51}.Release|x86.Build.0 = Release|Any CPU
		{5DEA2811-2FFA-4959-830B-CAD3ACACABEB}.Debug|x86.ActiveCfg = Debug|Any CPU
		{5DEA2811-2FFA-4959-830B-CAD3ACACABEB}.Debug|x86.Build.0 = Debug|Any CPU
		{5DEA2811-2FFA-4959-830B-CAD3ACACABEB}.Release|x86.ActiveCfg = Release|Any CPU
		{5DEA2811-2FFA-4959-830B-CAD3ACACABEB}.Release|x86.Build.0 = Release|Any CPU
		{74032CBC-339B-42F3-AF6F-E96C261F3E6A}.Debug|x86.ActiveCfg = Debug|Any CPU
		{74032CBC-339B-42F3-AF6F-E96C261F3E6A}.Debug|x86.Build.0 = Debug|Any CPU
		{74032CBC-339B-42F3-AF6F-E96C261F3E6A}.Release|x86.ActiveCfg = Release|Any CPU
		{74032CBC-339B-42F3-AF6F-E96C261F3E6A}.Release|x86.Build.0 = Release|Any CPU
		{7A4B05BE-73C9-4F34-87FE-E80CCF1F732D}.Debug|x86.ActiveCfg = Debug|x86
		{7A4B05BE-73C9-4F34-87FE-E80CCF1F732D}.Debug|x86.Build.0 = Debug|x86
		{7A4B05BE-73C9-4F34-87FE-E80CCF1F732D}.Release|x86.ActiveCfg = Release|x86
		{7A4B05BE-73C9-4F34-87FE-E80CCF1F732D}.Release|x86.Build.0 = Release|x86
		{8996EF59-09B9-4920-A3DE-2F8EA2EBBCFF}.Debug|x86.ActiveCfg = Debug|Any CPU
		{8996EF59-09B9-4920-A3DE-2F8EA2EBBCFF}.Release|x86.ActiveCfg = Release|Any CPU
		{9183F2E0-A879-4F23-9EE3-C6908F1332B2}.Debug|x86.ActiveCfg = Debug|Any CPU
		{9183F2E0-A879-4F23-9EE3-C6908F1332B2}.Debug|x86.Build.0 = Debug|Any CPU
		{9183F2E0-A879-4F23-9EE3-C6908F1332B2}.Release|x86.ActiveCfg = Release|Any CPU
		{9183F2E0-A879-4F23-9EE3-C6908F1332B2}.Release|x86.Build.0 = Release|Any CPU
		{9F213318-5CB8-4066-A757-074489C9F818}.Debug|x86.ActiveCfg = Debug|Any CPU
		{9F213318-5CB8-4066-A757-074489C9F818}.Debug|x86.Build.0 = Debug|Any CPU
		{9F213318-5CB8-4066-A757-074489C9F818}.Release|x86.ActiveCfg = Release|Any CPU
		{9F213318-5CB8-4066-A757-074489C9F818}.Release|x86.Build.0 = Release|Any CPU
		{CC48B324-A532-4A45-87A6-6F91F7141E8D}.Debug|x86.ActiveCfg = Debug|Any CPU
		{CC48B324-A532-4A45-87A6-6F91F7141E8D}.Debug|x86.Build.0 = Debug|Any CPU
		{CC48B324-A532-4A45-87A6-6F91F7141E8D}.Release|x86.ActiveCfg = Release|Any CPU
		{CC48B324-A532-4A45-87A6-6F91F7141E8D}.Release|x86.Build.0 = Release|Any CPU
		{CCAA7AFE-C094-4D82-A66D-630DE8A3F545}.Debug|x86.ActiveCfg = Debug|Any CPU
		{CCAA7AFE-C094-4D82-A66D-630DE8A3F545}.Debug|x86.Build.0 = Debug|Any CPU
		{CCAA7AFE-C094-4D82-A66D-630DE8A3F545}.Release|x86.ActiveCfg = Release|Any CPU
		{CCAA7AFE-C094-4D82-A66D-630DE8A3F545}.Release|x86.Build.0 = Release|Any CPU
		{D7016DF2-5A5E-4524-B40D-BA2D59576688}.Debug|x86.ActiveCfg = Debug|Any CPU
		{D7016DF2-5A5E-4524-B40D-BA2D59576688}.Debug|x86.Build.0 = Debug|Any CPU
		{D7016DF2-5A5E-4524-B40D-BA2D59576688}.Release|x86.ActiveCfg = Release|Any CPU
		{D7016DF2-5A5E-4524-B40D-BA2D59576688}.Release|x86.Build.0 = Release|Any CPU
		{DA7AB65D-B5BA-4003-8893-A51BB071BA2F}.Debug|x86.ActiveCfg = Debug|Any CPU
		{DA7AB65D-B5BA-4003-8893-A51BB071BA2F}.Debug|x86.Build.0 = Debug|Any CPU
		{DA7AB65D-B5BA-4003-8893-A51BB071BA2F}.Release|x86.ActiveCfg = Release|Any CPU
		{DA7AB65D-B5BA-4003-8893-A51BB071BA2F}.Release|x86.Build.0 = Release|Any CPU
		{F2B84194-26EB-4227-B1C5-6602517E85AE}.Debug|x86.ActiveCfg = Debug|Any CPU
		{F2B84194-26EB-4227-B1C5-6602517E85AE}.Debug|x86.Build.0 = Debug|Any CPU
		{F2B84194-26EB-4227-B1C5-6602517E85AE}.Release|x86.ActiveCfg = Release|Any CPU
		{F2B84194-26EB-4227-B1C5-6602517E85AE}.Release|x86.Build.0 = Release|Any CPU
		{F8BDF57B-1571-4CD0-84B3-B422088D359A}.Debug|x86.ActiveCfg = Debug|Any CPU
		{F8BDF57B-1571-4CD0-84B3-B422088D359A}.Debug|x86.Build.0 = Debug|Any CPU
		{F8BDF57B-1571-4CD0-84B3-B422088D359A}.Release|x86.ActiveCfg = Release|Any CPU
		{F8BDF57B-1571-4CD0-84B3-B422088D359A}.Release|x86.Build.0 = Release|Any CPU
		{5C4C7BAA-CF60-4233-84ED-39CB2312AF38}.Debug|x86.ActiveCfg = Debug|Any CPU
		{5C4C7BAA-CF60-4233-84ED-39CB2312AF38}.Debug|x86.Build.0 = Debug|Any CPU
		{5C4C7BAA-CF60-4233-84ED-39CB2312AF38}.Release|x86.ActiveCfg = Release|Any CPU
		{5C4C7BAA-CF60-4233-84ED-39CB2312AF38}.Release|x86.Build.0 = Release|Any CPU
	EndGlobalSection
	GlobalSection(MonoDevelopProperties) = preSolution
		Policies = $0
		$0.StandardHeader = $1
		$1.Text = @/***************************************************************************\nThe Disc Image Chef\n----------------------------------------------------------------------------\n \nFilename       : ${FileName}\nVersion        : 1.0\nAuthor(s)      : ${AuthorName}\n \nComponent      : Component\n\nRevision       : $Revision$\nLast change by : $Author$\nDate           : $Date$\n \n--[ Description ] ----------------------------------------------------------\n \nDescription\n \n--[ License ] --------------------------------------------------------------\n \n    This program is free software: you can redistribute it and/or modify\n    it under the terms of the GNU General Public License as\n    published by the Free Software Foundation, either version 3 of the\n    License, or (at your option) any later version.\n\n    This program is distributed in the hope that it will be useful,\n    but WITHOUT ANY WARRANTY; without even the implied warranty of\n    MERCHANTABILITY or FITNESS FOR A PARTICULAR PURPOSE.  See the\n    GNU General Public License for more details.\n\n    You should have received a copy of the GNU General Public License\n    along with this program.  If not, see <http://www.gnu.org/licenses/>.\n\n----------------------------------------------------------------------------\nCopyright (C) 2011-2015 Claunia.com\n****************************************************************************/\n//$Id$
		$1.IncludeInNewFiles = True
		$0.TextStylePolicy = $2
		$2.inheritsSet = VisualStudio
		$2.inheritsScope = text/plain
		$2.scope = text/x-csharp
		$0.CSharpFormattingPolicy = $3
		$3.SpacingAfterMethodDeclarationName = False
		$3.SpaceAfterMethodCallName = False
		$3.inheritsSet = Mono
		$3.inheritsScope = text/x-csharp
		$3.scope = text/x-csharp
		$3.NewLinesForBracesInProperties = True
		$3.NewLinesForBracesInAccessors = True
		$3.NewLinesForBracesInAnonymousMethods = True
		$3.NewLinesForBracesInControlBlocks = True
		$3.NewLinesForBracesInAnonymousTypes = True
		$3.NewLinesForBracesInObjectCollectionArrayInitializers = True
		$3.NewLinesForBracesInLambdaExpressionBody = True
		$3.NewLineForElse = True
		$3.NewLineForCatch = True
		$3.NewLineForFinally = True
		$3.SpaceBeforeOpenSquareBracket = False
		$3.IndentBraces = True
		$3.IndentSwitchSection = True
		$3.NewLineForMembersInObjectInit = True
		$3.NewLineForMembersInAnonymousTypes = True
		$3.NewLineForClausesInQuery = True
		description = The Disc Image Chef.
		version = 2.2
	EndGlobalSection
EndGlobal
