
Microsoft Visual Studio Solution File, Format Version 12.00
# Visual Studio 15
VisualStudioVersion = 15.0.26730.8
MinimumVisualStudioVersion = 10.0.40219.1
Project("{FAE04EC0-301F-11D3-BF4B-00C04F79EFBC}") = "DiscImageChef", "DiscImageChef\DiscImageChef.csproj", "{7A4B05BE-73C9-4F34-87FE-E80CCF1F732D}"
EndProject
Project("{FAE04EC0-301F-11D3-BF4B-00C04F79EFBC}") = "DiscImageChef.Checksums", "DiscImageChef.Checksums\DiscImageChef.Checksums.csproj", "{CC48B324-A532-4A45-87A6-6F91F7141E8D}"
EndProject
Project("{FAE04EC0-301F-11D3-BF4B-00C04F79EFBC}") = "DiscImageChef.Helpers", "DiscImageChef.Helpers\DiscImageChef.Helpers.csproj", "{F8BDF57B-1571-4CD0-84B3-B422088D359A}"
EndProject
Project("{FAE04EC0-301F-11D3-BF4B-00C04F79EFBC}") = "DiscImageChef.DiscImages", "DiscImageChef.DiscImages\DiscImageChef.DiscImages.csproj", "{74032CBC-339B-42F3-AF6F-E96C261F3E6A}"
EndProject
Project("{FAE04EC0-301F-11D3-BF4B-00C04F79EFBC}") = "DiscImageChef.CommonTypes", "DiscImageChef.CommonTypes\DiscImageChef.CommonTypes.csproj", "{F2B84194-26EB-4227-B1C5-6602517E85AE}"
EndProject
Project("{FAE04EC0-301F-11D3-BF4B-00C04F79EFBC}") = "DiscImageChef.Partitions", "DiscImageChef.Partitions\DiscImageChef.Partitions.csproj", "{DA7AB65D-B5BA-4003-8893-A51BB071BA2F}"
EndProject
Project("{FAE04EC0-301F-11D3-BF4B-00C04F79EFBC}") = "DiscImageChef.Filesystems", "DiscImageChef.Filesystems\DiscImageChef.Filesystems.csproj", "{D7016DF2-5A5E-4524-B40D-BA2D59576688}"
EndProject
Project("{FAE04EC0-301F-11D3-BF4B-00C04F79EFBC}") = "DiscImageChef.Decoders", "DiscImageChef.Decoders\DiscImageChef.Decoders.csproj", "{0BEB3088-B634-4289-AE17-CDF2D25D00D5}"
EndProject
Project("{FAE04EC0-301F-11D3-BF4B-00C04F79EFBC}") = "DiscImageChef.Devices", "DiscImageChef.Devices\DiscImageChef.Devices.csproj", "{57BB2341-AB62-48FD-91B8-46F5A2F9ED51}"
EndProject
Project("{FAE04EC0-301F-11D3-BF4B-00C04F79EFBC}") = "DiscImageChef.Interop", "DiscImageChef.Interop\DiscImageChef.Interop.csproj", "{9183F2E0-A879-4F23-9EE3-C6908F1332B2}"
EndProject
Project("{FAE04EC0-301F-11D3-BF4B-00C04F79EFBC}") = "DiscImageChef.Console", "DiscImageChef.Console\DiscImageChef.Console.csproj", "{CCAA7AFE-C094-4D82-A66D-630DE8A3F545}"
EndProject
Project("{FAE04EC0-301F-11D3-BF4B-00C04F79EFBC}") = "DiscImageChef.Metadata", "DiscImageChef.Metadata\DiscImageChef.Metadata.csproj", "{9F213318-5CB8-4066-A757-074489C9F818}"
EndProject
Project("{FAE04EC0-301F-11D3-BF4B-00C04F79EFBC}") = "DiscImageChef.Settings", "DiscImageChef.Settings\DiscImageChef.Settings.csproj", "{5C4C7BAA-CF60-4233-84ED-39CB2312AF38}"
EndProject
Project("{FAE04EC0-301F-11D3-BF4B-00C04F79EFBC}") = "DiscImageChef.Filters", "DiscImageChef.Filters\DiscImageChef.Filters.csproj", "{D571B8EF-903D-4353-BDD5-B834F9F029EF}"
EndProject
Project("{FAE04EC0-301F-11D3-BF4B-00C04F79EFBC}") = "DiscImageChef.Core", "DiscImageChef.Core\DiscImageChef.Core.csproj", "{679659B8-25D0-4279-B632-56EF8F94ADC0}"
EndProject
Project("{FAE04EC0-301F-11D3-BF4B-00C04F79EFBC}") = "DiscImageChef.Server", "DiscImageChef.Server\DiscImageChef.Server.csproj", "{75342D7A-C5EA-4A6F-A511-850B54310E5B}"
EndProject
Project("{FAE04EC0-301F-11D3-BF4B-00C04F79EFBC}") = "DiscImageChef.Tests", "DiscImageChef.Tests\DiscImageChef.Tests.csproj", "{B2ABC1F2-C365-4515-9F23-A5725050CC48}"
EndProject
Project("{FAE04EC0-301F-11D3-BF4B-00C04F79EFBC}") = "DiscImageChef.Tests.Devices", "DiscImageChef.Tests.Devices\DiscImageChef.Tests.Devices.csproj", "{A40662EB-D202-46A4-AB41-9C32ADE6D6B5}"
EndProject
Global
	GlobalSection(SolutionConfigurationPlatforms) = preSolution
		Debug|x86 = Debug|x86
		Release|x86 = Release|x86
	EndGlobalSection
	GlobalSection(ProjectConfigurationPlatforms) = postSolution
		{7A4B05BE-73C9-4F34-87FE-E80CCF1F732D}.Debug|x86.ActiveCfg = Debug|x86
		{7A4B05BE-73C9-4F34-87FE-E80CCF1F732D}.Debug|x86.Build.0 = Debug|x86
		{7A4B05BE-73C9-4F34-87FE-E80CCF1F732D}.Release|x86.ActiveCfg = Release|x86
		{7A4B05BE-73C9-4F34-87FE-E80CCF1F732D}.Release|x86.Build.0 = Release|x86
		{CC48B324-A532-4A45-87A6-6F91F7141E8D}.Debug|x86.ActiveCfg = Debug|Any CPU
		{CC48B324-A532-4A45-87A6-6F91F7141E8D}.Debug|x86.Build.0 = Debug|Any CPU
		{CC48B324-A532-4A45-87A6-6F91F7141E8D}.Release|x86.ActiveCfg = Release|Any CPU
		{CC48B324-A532-4A45-87A6-6F91F7141E8D}.Release|x86.Build.0 = Release|Any CPU
		{F8BDF57B-1571-4CD0-84B3-B422088D359A}.Debug|x86.ActiveCfg = Debug|Any CPU
		{F8BDF57B-1571-4CD0-84B3-B422088D359A}.Debug|x86.Build.0 = Debug|Any CPU
		{F8BDF57B-1571-4CD0-84B3-B422088D359A}.Release|x86.ActiveCfg = Release|Any CPU
		{F8BDF57B-1571-4CD0-84B3-B422088D359A}.Release|x86.Build.0 = Release|Any CPU
		{74032CBC-339B-42F3-AF6F-E96C261F3E6A}.Debug|x86.ActiveCfg = Debug|Any CPU
		{74032CBC-339B-42F3-AF6F-E96C261F3E6A}.Debug|x86.Build.0 = Debug|Any CPU
		{74032CBC-339B-42F3-AF6F-E96C261F3E6A}.Release|x86.ActiveCfg = Release|Any CPU
		{74032CBC-339B-42F3-AF6F-E96C261F3E6A}.Release|x86.Build.0 = Release|Any CPU
		{F2B84194-26EB-4227-B1C5-6602517E85AE}.Debug|x86.ActiveCfg = Debug|Any CPU
		{F2B84194-26EB-4227-B1C5-6602517E85AE}.Debug|x86.Build.0 = Debug|Any CPU
		{F2B84194-26EB-4227-B1C5-6602517E85AE}.Release|x86.ActiveCfg = Release|Any CPU
		{F2B84194-26EB-4227-B1C5-6602517E85AE}.Release|x86.Build.0 = Release|Any CPU
		{DA7AB65D-B5BA-4003-8893-A51BB071BA2F}.Debug|x86.ActiveCfg = Debug|Any CPU
		{DA7AB65D-B5BA-4003-8893-A51BB071BA2F}.Debug|x86.Build.0 = Debug|Any CPU
		{DA7AB65D-B5BA-4003-8893-A51BB071BA2F}.Release|x86.ActiveCfg = Release|Any CPU
		{DA7AB65D-B5BA-4003-8893-A51BB071BA2F}.Release|x86.Build.0 = Release|Any CPU
		{D7016DF2-5A5E-4524-B40D-BA2D59576688}.Debug|x86.ActiveCfg = Debug|Any CPU
		{D7016DF2-5A5E-4524-B40D-BA2D59576688}.Debug|x86.Build.0 = Debug|Any CPU
		{D7016DF2-5A5E-4524-B40D-BA2D59576688}.Release|x86.ActiveCfg = Release|Any CPU
		{D7016DF2-5A5E-4524-B40D-BA2D59576688}.Release|x86.Build.0 = Release|Any CPU
		{0BEB3088-B634-4289-AE17-CDF2D25D00D5}.Debug|x86.ActiveCfg = Debug|Any CPU
		{0BEB3088-B634-4289-AE17-CDF2D25D00D5}.Debug|x86.Build.0 = Debug|Any CPU
		{0BEB3088-B634-4289-AE17-CDF2D25D00D5}.Release|x86.ActiveCfg = Release|Any CPU
		{0BEB3088-B634-4289-AE17-CDF2D25D00D5}.Release|x86.Build.0 = Release|Any CPU
		{57BB2341-AB62-48FD-91B8-46F5A2F9ED51}.Debug|x86.ActiveCfg = Debug|Any CPU
		{57BB2341-AB62-48FD-91B8-46F5A2F9ED51}.Debug|x86.Build.0 = Debug|Any CPU
		{57BB2341-AB62-48FD-91B8-46F5A2F9ED51}.Release|x86.ActiveCfg = Release|Any CPU
		{57BB2341-AB62-48FD-91B8-46F5A2F9ED51}.Release|x86.Build.0 = Release|Any CPU
		{9183F2E0-A879-4F23-9EE3-C6908F1332B2}.Debug|x86.ActiveCfg = Debug|Any CPU
		{9183F2E0-A879-4F23-9EE3-C6908F1332B2}.Debug|x86.Build.0 = Debug|Any CPU
		{9183F2E0-A879-4F23-9EE3-C6908F1332B2}.Release|x86.ActiveCfg = Release|Any CPU
		{9183F2E0-A879-4F23-9EE3-C6908F1332B2}.Release|x86.Build.0 = Release|Any CPU
		{CCAA7AFE-C094-4D82-A66D-630DE8A3F545}.Debug|x86.ActiveCfg = Debug|Any CPU
		{CCAA7AFE-C094-4D82-A66D-630DE8A3F545}.Debug|x86.Build.0 = Debug|Any CPU
		{CCAA7AFE-C094-4D82-A66D-630DE8A3F545}.Release|x86.ActiveCfg = Release|Any CPU
		{CCAA7AFE-C094-4D82-A66D-630DE8A3F545}.Release|x86.Build.0 = Release|Any CPU
		{9F213318-5CB8-4066-A757-074489C9F818}.Debug|x86.ActiveCfg = Debug|Any CPU
		{9F213318-5CB8-4066-A757-074489C9F818}.Debug|x86.Build.0 = Debug|Any CPU
		{9F213318-5CB8-4066-A757-074489C9F818}.Release|x86.ActiveCfg = Release|Any CPU
		{9F213318-5CB8-4066-A757-074489C9F818}.Release|x86.Build.0 = Release|Any CPU
		{5C4C7BAA-CF60-4233-84ED-39CB2312AF38}.Debug|x86.ActiveCfg = Debug|Any CPU
		{5C4C7BAA-CF60-4233-84ED-39CB2312AF38}.Debug|x86.Build.0 = Debug|Any CPU
		{5C4C7BAA-CF60-4233-84ED-39CB2312AF38}.Release|x86.ActiveCfg = Release|Any CPU
		{5C4C7BAA-CF60-4233-84ED-39CB2312AF38}.Release|x86.Build.0 = Release|Any CPU
		{D571B8EF-903D-4353-BDD5-B834F9F029EF}.Debug|x86.ActiveCfg = Debug|Any CPU
		{D571B8EF-903D-4353-BDD5-B834F9F029EF}.Debug|x86.Build.0 = Debug|Any CPU
		{D571B8EF-903D-4353-BDD5-B834F9F029EF}.Release|x86.ActiveCfg = Release|Any CPU
		{D571B8EF-903D-4353-BDD5-B834F9F029EF}.Release|x86.Build.0 = Release|Any CPU
		{679659B8-25D0-4279-B632-56EF8F94ADC0}.Debug|x86.ActiveCfg = Debug|Any CPU
		{679659B8-25D0-4279-B632-56EF8F94ADC0}.Debug|x86.Build.0 = Debug|Any CPU
		{679659B8-25D0-4279-B632-56EF8F94ADC0}.Release|x86.ActiveCfg = Release|Any CPU
		{679659B8-25D0-4279-B632-56EF8F94ADC0}.Release|x86.Build.0 = Release|Any CPU
		{75342D7A-C5EA-4A6F-A511-850B54310E5B}.Debug|x86.ActiveCfg = Debug|Any CPU
		{75342D7A-C5EA-4A6F-A511-850B54310E5B}.Debug|x86.Build.0 = Debug|Any CPU
		{75342D7A-C5EA-4A6F-A511-850B54310E5B}.Release|x86.ActiveCfg = Release|Any CPU
		{75342D7A-C5EA-4A6F-A511-850B54310E5B}.Release|x86.Build.0 = Release|Any CPU
		{B2ABC1F2-C365-4515-9F23-A5725050CC48}.Debug|x86.ActiveCfg = Debug|Any CPU
		{B2ABC1F2-C365-4515-9F23-A5725050CC48}.Debug|x86.Build.0 = Debug|Any CPU
		{B2ABC1F2-C365-4515-9F23-A5725050CC48}.Release|x86.ActiveCfg = Release|Any CPU
		{B2ABC1F2-C365-4515-9F23-A5725050CC48}.Release|x86.Build.0 = Release|Any CPU
		{A40662EB-D202-46A4-AB41-9C32ADE6D6B5}.Debug|x86.ActiveCfg = Debug|x86
		{A40662EB-D202-46A4-AB41-9C32ADE6D6B5}.Debug|x86.Build.0 = Debug|x86
		{A40662EB-D202-46A4-AB41-9C32ADE6D6B5}.Release|x86.ActiveCfg = Release|x86
		{A40662EB-D202-46A4-AB41-9C32ADE6D6B5}.Release|x86.Build.0 = Release|x86
	EndGlobalSection
	GlobalSection(SolutionProperties) = preSolution
		HideSolutionNode = FALSE
	EndGlobalSection
	GlobalSection(ExtensibilityGlobals) = postSolution
		SolutionGuid = {A004EA3D-916D-495A-A130-D4E4F0A168C8}
	EndGlobalSection
	GlobalSection(MonoDevelopProperties) = preSolution
		Policies = $0
		$0.StandardHeader = $1
		$1.Text = @/***************************************************************************\nThe Disc Image Chef\n----------------------------------------------------------------------------\n \nFilename       : ${FileName}\nVersion        : 1.0\nAuthor(s)      : ${AuthorName}\n \nComponent      : Component\n\nRevision       : $Revision$\nLast change by : $Author$\nDate           : $Date$\n \n--[ Description ] ----------------------------------------------------------\n \nDescription\n \n--[ License ] --------------------------------------------------------------\n \n    This program is free software: you can redistribute it and/or modify\n    it under the terms of the GNU General Public License as\n    published by the Free Software Foundation, either version 3 of the\n    License, or (at your option) any later version.\n\n    This program is distributed in the hope that it will be useful,\n    but WITHOUT ANY WARRANTY; without even the implied warranty of\n    MERCHANTABILITY or FITNESS FOR A PARTICULAR PURPOSE.  See the\n    GNU General Public License for more details.\n\n    You should have received a copy of the GNU General Public License\n    along with this program.  If not, see <http://www.gnu.org/licenses/>.\n\n----------------------------------------------------------------------------\nCopyright (C) 2011-2015 Claunia.com\n****************************************************************************/\n//$Id$
		$0.TextStylePolicy = $2
		$2.scope = text/x-csharp
		$2.TabsToSpaces = True
		$0.CSharpFormattingPolicy = $3
		$3.scope = text/x-csharp
		$3.IndentBraces = True
		$3.IndentBlock = False
		$3.IndentSwitchCaseSection = False
		$0.DotNetNamingPolicy = $4
		$4.DirectoryNamespaceAssociation = Hierarchical
		$4.ResourceNamePolicy = MSBuild
		$0.XmlFormattingPolicy = $5
		$5.DefaultFormat = $6
		$6.AlignAttributes = True
		$5.inheritsSet = null
		$5.inheritsScope = application/xml
		$5.scope = application/config+xml
		$0.NameConventionPolicy = $7
		$7.Rules = $8
		$8.NamingRule = $28
		description = The Disc Image Chef.
		version = 4.0.1.0
	EndGlobalSection
EndGlobal
