
Microsoft Visual Studio Solution File, Format Version 11.00
# Visual Studio 2010
Project("{FAE04EC0-301F-11D3-BF4B-00C04F79EFBC}") = "DiscImageChef", "DiscImageChef\DiscImageChef.csproj", "{7A4B05BE-73C9-4F34-87FE-E80CCF1F732D}"
EndProject
Project("{9344BDBB-3E7F-41FC-A0DD-8665D75EE146}") = "Packages", "Packages.mdproj", "{8996EF59-09B9-4920-A3DE-2F8EA2EBBCFF}"
EndProject
Project("{FAE04EC0-301F-11D3-BF4B-00C04F79EFBC}") = "CommandLine35", "commandline\src\libcmdline\CommandLine35.csproj", "{5DEA2811-2FFA-4959-830B-CAD3ACACABEB}"
EndProject
Project("{FAE04EC0-301F-11D3-BF4B-00C04F79EFBC}") = "DiscImageChef.Checksums", "DiscImageChef.Checksums\DiscImageChef.Checksums.csproj", "{CC48B324-A532-4A45-87A6-6F91F7141E8D}"
EndProject
Project("{FAE04EC0-301F-11D3-BF4B-00C04F79EFBC}") = "DiscImageChef.Helpers", "DiscImageChef.Helpers\DiscImageChef.Helpers.csproj", "{F8BDF57B-1571-4CD0-84B3-B422088D359A}"
EndProject
Project("{FAE04EC0-301F-11D3-BF4B-00C04F79EFBC}") = "DiscImageChef.DiscImages", "DiscImageChef.DiscImages\DiscImageChef.DiscImages.csproj", "{74032CBC-339B-42F3-AF6F-E96C261F3E6A}"
EndProject
Project("{FAE04EC0-301F-11D3-BF4B-00C04F79EFBC}") = "DiscImageChef.CommonTypes", "DiscImageChef.CommonTypes\DiscImageChef.CommonTypes.csproj", "{F2B84194-26EB-4227-B1C5-6602517E85AE}"
EndProject
Global
	GlobalSection(SolutionConfigurationPlatforms) = preSolution
		Debug|x86 = Debug|x86
		Release|x86 = Release|x86
	EndGlobalSection
	GlobalSection(ProjectConfigurationPlatforms) = postSolution
		{5DEA2811-2FFA-4959-830B-CAD3ACACABEB}.Debug|x86.ActiveCfg = Debug|Any CPU
		{5DEA2811-2FFA-4959-830B-CAD3ACACABEB}.Debug|x86.Build.0 = Debug|Any CPU
		{5DEA2811-2FFA-4959-830B-CAD3ACACABEB}.Release|x86.ActiveCfg = Release|Any CPU
		{5DEA2811-2FFA-4959-830B-CAD3ACACABEB}.Release|x86.Build.0 = Release|Any CPU
		{74032CBC-339B-42F3-AF6F-E96C261F3E6A}.Debug|x86.ActiveCfg = Debug|Any CPU
		{74032CBC-339B-42F3-AF6F-E96C261F3E6A}.Debug|x86.Build.0 = Debug|Any CPU
		{74032CBC-339B-42F3-AF6F-E96C261F3E6A}.Release|x86.ActiveCfg = Release|Any CPU
		{74032CBC-339B-42F3-AF6F-E96C261F3E6A}.Release|x86.Build.0 = Release|Any CPU
		{7A4B05BE-73C9-4F34-87FE-E80CCF1F732D}.Debug|x86.ActiveCfg = Debug|x86
		{7A4B05BE-73C9-4F34-87FE-E80CCF1F732D}.Debug|x86.Build.0 = Debug|x86
		{7A4B05BE-73C9-4F34-87FE-E80CCF1F732D}.Release|x86.ActiveCfg = Release|x86
		{7A4B05BE-73C9-4F34-87FE-E80CCF1F732D}.Release|x86.Build.0 = Release|x86
		{8996EF59-09B9-4920-A3DE-2F8EA2EBBCFF}.Debug|x86.ActiveCfg = Debug|Any CPU
		{8996EF59-09B9-4920-A3DE-2F8EA2EBBCFF}.Release|x86.ActiveCfg = Release|Any CPU
		{CC48B324-A532-4A45-87A6-6F91F7141E8D}.Debug|x86.ActiveCfg = Debug|Any CPU
		{CC48B324-A532-4A45-87A6-6F91F7141E8D}.Debug|x86.Build.0 = Debug|Any CPU
		{CC48B324-A532-4A45-87A6-6F91F7141E8D}.Release|x86.ActiveCfg = Release|Any CPU
		{CC48B324-A532-4A45-87A6-6F91F7141E8D}.Release|x86.Build.0 = Release|Any CPU
		{F2B84194-26EB-4227-B1C5-6602517E85AE}.Debug|x86.ActiveCfg = Debug|Any CPU
		{F2B84194-26EB-4227-B1C5-6602517E85AE}.Debug|x86.Build.0 = Debug|Any CPU
		{F2B84194-26EB-4227-B1C5-6602517E85AE}.Release|x86.ActiveCfg = Release|Any CPU
		{F2B84194-26EB-4227-B1C5-6602517E85AE}.Release|x86.Build.0 = Release|Any CPU
		{F8BDF57B-1571-4CD0-84B3-B422088D359A}.Debug|x86.ActiveCfg = Debug|Any CPU
		{F8BDF57B-1571-4CD0-84B3-B422088D359A}.Debug|x86.Build.0 = Debug|Any CPU
		{F8BDF57B-1571-4CD0-84B3-B422088D359A}.Release|x86.ActiveCfg = Release|Any CPU
		{F8BDF57B-1571-4CD0-84B3-B422088D359A}.Release|x86.Build.0 = Release|Any CPU
	EndGlobalSection
	GlobalSection(MonoDevelopProperties) = preSolution
		description = The Disc Image Chef.
		version = 2.2
	EndGlobalSection
EndGlobal
