
Microsoft Visual Studio Solution File, Format Version 12.00
# Visual Studio Version 16
VisualStudioVersion = 16.0.28922.388
MinimumVisualStudioVersion = 10.0.40219.1
Project("{FAE04EC0-301F-11D3-BF4B-00C04F79EFBC}") = "DiscImageChef.Server", "DiscImageChef.Server\DiscImageChef.Server.csproj", "{911ADDF5-E5FA-445D-88CD-C7F8FFDBE645}"
EndProject
Project("{9A19103F-16F7-4668-BE54-9A1E7A4F7556}") = "DiscImageChef.CommonTypes", "DiscImageChef.CommonTypes\DiscImageChef.CommonTypes.csproj", "{F2B84194-26EB-4227-B1C5-6602517E85AE}"
EndProject
Project("{9A19103F-16F7-4668-BE54-9A1E7A4F7556}") = "DiscImageChef.Decoders", "DiscImageChef.Decoders\DiscImageChef.Decoders.csproj", "{0BEB3088-B634-4289-AE17-CDF2D25D00D5}"
EndProject
Project("{9A19103F-16F7-4668-BE54-9A1E7A4F7556}") = "DiscImageChef.Dto", "DiscImageChef.Dto\DiscImageChef.Dto.csproj", "{F4399FF5-9BD0-475A-9EA7-3DAE45291FE2}"
EndProject
Project("{9A19103F-16F7-4668-BE54-9A1E7A4F7556}") = "DiscImageChef.Helpers", "DiscImageChef.Helpers\DiscImageChef.Helpers.csproj", "{F8BDF57B-1571-4CD0-84B3-B422088D359A}"
EndProject
Project("{9A19103F-16F7-4668-BE54-9A1E7A4F7556}") = "DiscImageChef.Console", "DiscImageChef.Console\DiscImageChef.Console.csproj", "{CCAA7AFE-C094-4D82-A66D-630DE8A3F545}"
EndProject
Project("{FAE04EC0-301F-11D3-BF4B-00C04F79EFBC}") = "DiscImageChef.Server.Task", "DiscImageChef.Server.Task\DiscImageChef.Server.Task.csproj", "{79D6A54E-47B6-4D0A-ABEB-4FA7B5ADF4B2}"
EndProject
Global
	GlobalSection(SolutionConfigurationPlatforms) = preSolution
		Debug|Any CPU = Debug|Any CPU
		Release|Any CPU = Release|Any CPU
	EndGlobalSection
	GlobalSection(ProjectConfigurationPlatforms) = postSolution
		{911ADDF5-E5FA-445D-88CD-C7F8FFDBE645}.Debug|Any CPU.ActiveCfg = Debug|Any CPU
		{911ADDF5-E5FA-445D-88CD-C7F8FFDBE645}.Debug|Any CPU.Build.0 = Debug|Any CPU
		{911ADDF5-E5FA-445D-88CD-C7F8FFDBE645}.Release|Any CPU.ActiveCfg = Release|Any CPU
		{911ADDF5-E5FA-445D-88CD-C7F8FFDBE645}.Release|Any CPU.Build.0 = Release|Any CPU
		{F2B84194-26EB-4227-B1C5-6602517E85AE}.Debug|Any CPU.ActiveCfg = Debug|Any CPU
		{F2B84194-26EB-4227-B1C5-6602517E85AE}.Debug|Any CPU.Build.0 = Debug|Any CPU
		{F2B84194-26EB-4227-B1C5-6602517E85AE}.Release|Any CPU.ActiveCfg = Release|Any CPU
		{F2B84194-26EB-4227-B1C5-6602517E85AE}.Release|Any CPU.Build.0 = Release|Any CPU
		{0BEB3088-B634-4289-AE17-CDF2D25D00D5}.Debug|Any CPU.ActiveCfg = Debug|Any CPU
		{0BEB3088-B634-4289-AE17-CDF2D25D00D5}.Debug|Any CPU.Build.0 = Debug|Any CPU
		{0BEB3088-B634-4289-AE17-CDF2D25D00D5}.Release|Any CPU.ActiveCfg = Release|Any CPU
		{0BEB3088-B634-4289-AE17-CDF2D25D00D5}.Release|Any CPU.Build.0 = Release|Any CPU
		{F4399FF5-9BD0-475A-9EA7-3DAE45291FE2}.Debug|Any CPU.ActiveCfg = Debug|Any CPU
		{F4399FF5-9BD0-475A-9EA7-3DAE45291FE2}.Debug|Any CPU.Build.0 = Debug|Any CPU
		{F4399FF5-9BD0-475A-9EA7-3DAE45291FE2}.Release|Any CPU.ActiveCfg = Release|Any CPU
		{F4399FF5-9BD0-475A-9EA7-3DAE45291FE2}.Release|Any CPU.Build.0 = Release|Any CPU
		{F8BDF57B-1571-4CD0-84B3-B422088D359A}.Debug|Any CPU.ActiveCfg = Debug|Any CPU
		{F8BDF57B-1571-4CD0-84B3-B422088D359A}.Debug|Any CPU.Build.0 = Debug|Any CPU
		{F8BDF57B-1571-4CD0-84B3-B422088D359A}.Release|Any CPU.ActiveCfg = Release|Any CPU
		{F8BDF57B-1571-4CD0-84B3-B422088D359A}.Release|Any CPU.Build.0 = Release|Any CPU
		{CCAA7AFE-C094-4D82-A66D-630DE8A3F545}.Debug|Any CPU.ActiveCfg = Debug|Any CPU
		{CCAA7AFE-C094-4D82-A66D-630DE8A3F545}.Debug|Any CPU.Build.0 = Debug|Any CPU
		{CCAA7AFE-C094-4D82-A66D-630DE8A3F545}.Release|Any CPU.ActiveCfg = Release|Any CPU
		{CCAA7AFE-C094-4D82-A66D-630DE8A3F545}.Release|Any CPU.Build.0 = Release|Any CPU
		{79D6A54E-47B6-4D0A-ABEB-4FA7B5ADF4B2}.Debug|Any CPU.ActiveCfg = Debug|Any CPU
		{79D6A54E-47B6-4D0A-ABEB-4FA7B5ADF4B2}.Debug|Any CPU.Build.0 = Debug|Any CPU
		{79D6A54E-47B6-4D0A-ABEB-4FA7B5ADF4B2}.Release|Any CPU.ActiveCfg = Release|Any CPU
		{79D6A54E-47B6-4D0A-ABEB-4FA7B5ADF4B2}.Release|Any CPU.Build.0 = Release|Any CPU
	EndGlobalSection
	GlobalSection(SolutionProperties) = preSolution
		HideSolutionNode = FALSE
	EndGlobalSection
	GlobalSection(ExtensibilityGlobals) = postSolution
		SolutionGuid = {8A988A8F-0588-4935-AAB6-64E34A68CE30}
	EndGlobalSection
EndGlobal
